
Microsoft Visual Studio Solution File, Format Version 12.00
# Visual Studio 15
VisualStudioVersion = 15.0.26430.16
MinimumVisualStudioVersion = 10.0.40219.1
Project("{9A19103F-16F7-4668-BE54-9A1E7A4F7556}") = "Inshapardaz.Identity", "Inshapardaz.Identity\Inshapardaz.Identity.csproj", "{FEC0D512-3354-4231-A1B3-CE827BCFBA07}"
EndProject
Project("{FAE04EC0-301F-11D3-BF4B-00C04F79EFBC}") = "Inshapardaz.Identity.Domain", "Inshapardaz.Identity.Domain\Inshapardaz.Identity.Domain.csproj", "{A4CEABAE-D6DB-4F52-9C0D-1DA4E3C60B30}"
EndProject
Global
	GlobalSection(SolutionConfigurationPlatforms) = preSolution
		Debug|Any CPU = Debug|Any CPU
		Release|Any CPU = Release|Any CPU
	EndGlobalSection
	GlobalSection(ProjectConfigurationPlatforms) = postSolution
		{FEC0D512-3354-4231-A1B3-CE827BCFBA07}.Debug|Any CPU.ActiveCfg = Debug|Any CPU
		{FEC0D512-3354-4231-A1B3-CE827BCFBA07}.Debug|Any CPU.Build.0 = Debug|Any CPU
		{FEC0D512-3354-4231-A1B3-CE827BCFBA07}.Release|Any CPU.ActiveCfg = Release|Any CPU
		{FEC0D512-3354-4231-A1B3-CE827BCFBA07}.Release|Any CPU.Build.0 = Release|Any CPU
		{A4CEABAE-D6DB-4F52-9C0D-1DA4E3C60B30}.Debug|Any CPU.ActiveCfg = Debug|Any CPU
		{A4CEABAE-D6DB-4F52-9C0D-1DA4E3C60B30}.Debug|Any CPU.Build.0 = Debug|Any CPU
		{A4CEABAE-D6DB-4F52-9C0D-1DA4E3C60B30}.Release|Any CPU.ActiveCfg = Release|Any CPU
		{A4CEABAE-D6DB-4F52-9C0D-1DA4E3C60B30}.Release|Any CPU.Build.0 = Release|Any CPU
	EndGlobalSection
	GlobalSection(SolutionProperties) = preSolution
		HideSolutionNode = FALSE
	EndGlobalSection
EndGlobal
